
Microsoft Visual Studio Solution File, Format Version 12.00
# Visual Studio 14
VisualStudioVersion = 14.0.25420.1
MinimumVisualStudioVersion = 10.0.40219.1
Project("{FAE04EC0-301F-11D3-BF4B-00C04F79EFBC}") = "RecrutTask", "RecrutTask\RecrutTask.csproj", "{52DC31D7-E073-40C9-9F82-77346792B206}"
EndProject
Project("{FAE04EC0-301F-11D3-BF4B-00C04F79EFBC}") = "UnitTest", "UnitTestProject1\UnitTest.csproj", "{FD103312-4374-4AE0-8D3D-D35D4926EC67}"
EndProject
Global
	GlobalSection(SolutionConfigurationPlatforms) = preSolution
		Debug|Any CPU = Debug|Any CPU
		Release|Any CPU = Release|Any CPU
	EndGlobalSection
	GlobalSection(ProjectConfigurationPlatforms) = postSolution
		{52DC31D7-E073-40C9-9F82-77346792B206}.Debug|Any CPU.ActiveCfg = Debug|Any CPU
		{52DC31D7-E073-40C9-9F82-77346792B206}.Debug|Any CPU.Build.0 = Debug|Any CPU
		{52DC31D7-E073-40C9-9F82-77346792B206}.Release|Any CPU.ActiveCfg = Release|Any CPU
		{52DC31D7-E073-40C9-9F82-77346792B206}.Release|Any CPU.Build.0 = Release|Any CPU
		{FD103312-4374-4AE0-8D3D-D35D4926EC67}.Debug|Any CPU.ActiveCfg = Debug|Any CPU
		{FD103312-4374-4AE0-8D3D-D35D4926EC67}.Debug|Any CPU.Build.0 = Debug|Any CPU
		{FD103312-4374-4AE0-8D3D-D35D4926EC67}.Release|Any CPU.ActiveCfg = Release|Any CPU
		{FD103312-4374-4AE0-8D3D-D35D4926EC67}.Release|Any CPU.Build.0 = Release|Any CPU
	EndGlobalSection
	GlobalSection(SolutionProperties) = preSolution
		HideSolutionNode = FALSE
	EndGlobalSection
	GlobalSection(ExtensibilityGlobals) = postSolution
		SolutionGuid = {42D853A1-4DA2-4334-8D05-20D18B83F30F}
	EndGlobalSection
EndGlobal
